
Microsoft Visual Studio Solution File, Format Version 12.00
# Visual Studio 15
VisualStudioVersion = 15.0.26124.0
MinimumVisualStudioVersion = 15.0.26124.0
Project("{2150E333-8FDC-42A3-9474-1A3956D46DE8}") = "Microservices", "Microservices", "{B4A27E8F-E23F-4711-9273-65B3AAB11A0D}"
EndProject
Project("{FAE04EC0-301F-11D3-BF4B-00C04F79EFBC}") = "Core", "Microservices\Core\Core.csproj", "{097BB04F-DB84-43C3-9259-6362EAE2C9EF}"
EndProject
Project("{FAE04EC0-301F-11D3-BF4B-00C04F79EFBC}") = "API", "Microservices\API\API.csproj", "{E02BCFB3-01F5-4E99-A81A-7447B5DA223A}"
EndProject
Project("{FAE04EC0-301F-11D3-BF4B-00C04F79EFBC}") = "AuthAPI", "Microservices\AuthAPI\AuthAPI.csproj", "{B5E05714-D427-4DB2-BE6D-84F0C11D9EBB}"
EndProject
Project("{FAE04EC0-301F-11D3-BF4B-00C04F79EFBC}") = "BasketAPI", "Microservices\BasketAPI\BasketAPI.csproj", "{B4CD7095-3922-49EB-88BE-F2D932EB979B}"
EndProject
Project("{FAE04EC0-301F-11D3-BF4B-00C04F79EFBC}") = "CryptoAPI", "Microservices\CryptoAPI\CryptoAPI.csproj", "{C57A4346-A7E0-4B25-88EB-686F24B27671}"
EndProject
Project("{FAE04EC0-301F-11D3-BF4B-00C04F79EFBC}") = "OrdersAPI", "Microservices\OrdersAPI\OrdersAPI.csproj", "{FECC36F2-6823-4846-BB43-B0F3B624DD0F}"
EndProject
Project("{FAE04EC0-301F-11D3-BF4B-00C04F79EFBC}") = "PaymentsAPI", "Microservices\PaymentsAPI\PaymentsAPI.csproj", "{20F865A8-451F-4B5D-B468-824071E8C953}"
EndProject
Project("{FAE04EC0-301F-11D3-BF4B-00C04F79EFBC}") = "ProductsAPI", "Microservices\ProductsAPI\ProductsAPI.csproj", "{212872B9-8387-4B4D-B6F7-4E61D769EFFA}"
EndProject
Global
	GlobalSection(SolutionProperties) = preSolution
		HideSolutionNode = FALSE
	EndGlobalSection
	GlobalSection(SolutionConfigurationPlatforms) = preSolution
		Debug|Any CPU = Debug|Any CPU
		Debug|x64 = Debug|x64
		Debug|x86 = Debug|x86
		Release|Any CPU = Release|Any CPU
		Release|x64 = Release|x64
		Release|x86 = Release|x86
	EndGlobalSection
	GlobalSection(ProjectConfigurationPlatforms) = postSolution
		{097BB04F-DB84-43C3-9259-6362EAE2C9EF}.Debug|Any CPU.ActiveCfg = Debug|Any CPU
		{097BB04F-DB84-43C3-9259-6362EAE2C9EF}.Debug|Any CPU.Build.0 = Debug|Any CPU
		{097BB04F-DB84-43C3-9259-6362EAE2C9EF}.Debug|x64.ActiveCfg = Debug|Any CPU
		{097BB04F-DB84-43C3-9259-6362EAE2C9EF}.Debug|x64.Build.0 = Debug|Any CPU
		{097BB04F-DB84-43C3-9259-6362EAE2C9EF}.Debug|x86.ActiveCfg = Debug|Any CPU
		{097BB04F-DB84-43C3-9259-6362EAE2C9EF}.Debug|x86.Build.0 = Debug|Any CPU
		{097BB04F-DB84-43C3-9259-6362EAE2C9EF}.Release|Any CPU.ActiveCfg = Release|Any CPU
		{097BB04F-DB84-43C3-9259-6362EAE2C9EF}.Release|Any CPU.Build.0 = Release|Any CPU
		{097BB04F-DB84-43C3-9259-6362EAE2C9EF}.Release|x64.ActiveCfg = Release|Any CPU
		{097BB04F-DB84-43C3-9259-6362EAE2C9EF}.Release|x64.Build.0 = Release|Any CPU
		{097BB04F-DB84-43C3-9259-6362EAE2C9EF}.Release|x86.ActiveCfg = Release|Any CPU
		{097BB04F-DB84-43C3-9259-6362EAE2C9EF}.Release|x86.Build.0 = Release|Any CPU
		{E02BCFB3-01F5-4E99-A81A-7447B5DA223A}.Debug|Any CPU.ActiveCfg = Debug|Any CPU
		{E02BCFB3-01F5-4E99-A81A-7447B5DA223A}.Debug|Any CPU.Build.0 = Debug|Any CPU
		{E02BCFB3-01F5-4E99-A81A-7447B5DA223A}.Debug|x64.ActiveCfg = Debug|Any CPU
		{E02BCFB3-01F5-4E99-A81A-7447B5DA223A}.Debug|x64.Build.0 = Debug|Any CPU
		{E02BCFB3-01F5-4E99-A81A-7447B5DA223A}.Debug|x86.ActiveCfg = Debug|Any CPU
		{E02BCFB3-01F5-4E99-A81A-7447B5DA223A}.Debug|x86.Build.0 = Debug|Any CPU
		{E02BCFB3-01F5-4E99-A81A-7447B5DA223A}.Release|Any CPU.ActiveCfg = Release|Any CPU
		{E02BCFB3-01F5-4E99-A81A-7447B5DA223A}.Release|Any CPU.Build.0 = Release|Any CPU
		{E02BCFB3-01F5-4E99-A81A-7447B5DA223A}.Release|x64.ActiveCfg = Release|Any CPU
		{E02BCFB3-01F5-4E99-A81A-7447B5DA223A}.Release|x64.Build.0 = Release|Any CPU
		{E02BCFB3-01F5-4E99-A81A-7447B5DA223A}.Release|x86.ActiveCfg = Release|Any CPU
		{E02BCFB3-01F5-4E99-A81A-7447B5DA223A}.Release|x86.Build.0 = Release|Any CPU
		{B5E05714-D427-4DB2-BE6D-84F0C11D9EBB}.Debug|Any CPU.ActiveCfg = Debug|Any CPU
		{B5E05714-D427-4DB2-BE6D-84F0C11D9EBB}.Debug|Any CPU.Build.0 = Debug|Any CPU
		{B5E05714-D427-4DB2-BE6D-84F0C11D9EBB}.Debug|x64.ActiveCfg = Debug|Any CPU
		{B5E05714-D427-4DB2-BE6D-84F0C11D9EBB}.Debug|x64.Build.0 = Debug|Any CPU
		{B5E05714-D427-4DB2-BE6D-84F0C11D9EBB}.Debug|x86.ActiveCfg = Debug|Any CPU
		{B5E05714-D427-4DB2-BE6D-84F0C11D9EBB}.Debug|x86.Build.0 = Debug|Any CPU
		{B5E05714-D427-4DB2-BE6D-84F0C11D9EBB}.Release|Any CPU.ActiveCfg = Release|Any CPU
		{B5E05714-D427-4DB2-BE6D-84F0C11D9EBB}.Release|Any CPU.Build.0 = Release|Any CPU
		{B5E05714-D427-4DB2-BE6D-84F0C11D9EBB}.Release|x64.ActiveCfg = Release|Any CPU
		{B5E05714-D427-4DB2-BE6D-84F0C11D9EBB}.Release|x64.Build.0 = Release|Any CPU
		{B5E05714-D427-4DB2-BE6D-84F0C11D9EBB}.Release|x86.ActiveCfg = Release|Any CPU
		{B5E05714-D427-4DB2-BE6D-84F0C11D9EBB}.Release|x86.Build.0 = Release|Any CPU
		{B4CD7095-3922-49EB-88BE-F2D932EB979B}.Debug|Any CPU.ActiveCfg = Debug|Any CPU
		{B4CD7095-3922-49EB-88BE-F2D932EB979B}.Debug|Any CPU.Build.0 = Debug|Any CPU
		{B4CD7095-3922-49EB-88BE-F2D932EB979B}.Debug|x64.ActiveCfg = Debug|Any CPU
		{B4CD7095-3922-49EB-88BE-F2D932EB979B}.Debug|x64.Build.0 = Debug|Any CPU
		{B4CD7095-3922-49EB-88BE-F2D932EB979B}.Debug|x86.ActiveCfg = Debug|Any CPU
		{B4CD7095-3922-49EB-88BE-F2D932EB979B}.Debug|x86.Build.0 = Debug|Any CPU
		{B4CD7095-3922-49EB-88BE-F2D932EB979B}.Release|Any CPU.ActiveCfg = Release|Any CPU
		{B4CD7095-3922-49EB-88BE-F2D932EB979B}.Release|Any CPU.Build.0 = Release|Any CPU
		{B4CD7095-3922-49EB-88BE-F2D932EB979B}.Release|x64.ActiveCfg = Release|Any CPU
		{B4CD7095-3922-49EB-88BE-F2D932EB979B}.Release|x64.Build.0 = Release|Any CPU
		{B4CD7095-3922-49EB-88BE-F2D932EB979B}.Release|x86.ActiveCfg = Release|Any CPU
		{B4CD7095-3922-49EB-88BE-F2D932EB979B}.Release|x86.Build.0 = Release|Any CPU
		{C57A4346-A7E0-4B25-88EB-686F24B27671}.Debug|Any CPU.ActiveCfg = Debug|Any CPU
		{C57A4346-A7E0-4B25-88EB-686F24B27671}.Debug|Any CPU.Build.0 = Debug|Any CPU
		{C57A4346-A7E0-4B25-88EB-686F24B27671}.Debug|x64.ActiveCfg = Debug|Any CPU
		{C57A4346-A7E0-4B25-88EB-686F24B27671}.Debug|x64.Build.0 = Debug|Any CPU
		{C57A4346-A7E0-4B25-88EB-686F24B27671}.Debug|x86.ActiveCfg = Debug|Any CPU
		{C57A4346-A7E0-4B25-88EB-686F24B27671}.Debug|x86.Build.0 = Debug|Any CPU
		{C57A4346-A7E0-4B25-88EB-686F24B27671}.Release|Any CPU.ActiveCfg = Release|Any CPU
		{C57A4346-A7E0-4B25-88EB-686F24B27671}.Release|Any CPU.Build.0 = Release|Any CPU
		{C57A4346-A7E0-4B25-88EB-686F24B27671}.Release|x64.ActiveCfg = Release|Any CPU
		{C57A4346-A7E0-4B25-88EB-686F24B27671}.Release|x64.Build.0 = Release|Any CPU
		{C57A4346-A7E0-4B25-88EB-686F24B27671}.Release|x86.ActiveCfg = Release|Any CPU
		{C57A4346-A7E0-4B25-88EB-686F24B27671}.Release|x86.Build.0 = Release|Any CPU
		{FECC36F2-6823-4846-BB43-B0F3B624DD0F}.Debug|Any CPU.ActiveCfg = Debug|Any CPU
		{FECC36F2-6823-4846-BB43-B0F3B624DD0F}.Debug|Any CPU.Build.0 = Debug|Any CPU
		{FECC36F2-6823-4846-BB43-B0F3B624DD0F}.Debug|x64.ActiveCfg = Debug|Any CPU
		{FECC36F2-6823-4846-BB43-B0F3B624DD0F}.Debug|x64.Build.0 = Debug|Any CPU
		{FECC36F2-6823-4846-BB43-B0F3B624DD0F}.Debug|x86.ActiveCfg = Debug|Any CPU
		{FECC36F2-6823-4846-BB43-B0F3B624DD0F}.Debug|x86.Build.0 = Debug|Any CPU
		{FECC36F2-6823-4846-BB43-B0F3B624DD0F}.Release|Any CPU.ActiveCfg = Release|Any CPU
		{FECC36F2-6823-4846-BB43-B0F3B624DD0F}.Release|Any CPU.Build.0 = Release|Any CPU
		{FECC36F2-6823-4846-BB43-B0F3B624DD0F}.Release|x64.ActiveCfg = Release|Any CPU
		{FECC36F2-6823-4846-BB43-B0F3B624DD0F}.Release|x64.Build.0 = Release|Any CPU
		{FECC36F2-6823-4846-BB43-B0F3B624DD0F}.Release|x86.ActiveCfg = Release|Any CPU
		{FECC36F2-6823-4846-BB43-B0F3B624DD0F}.Release|x86.Build.0 = Release|Any CPU
		{20F865A8-451F-4B5D-B468-824071E8C953}.Debug|Any CPU.ActiveCfg = Debug|Any CPU
		{20F865A8-451F-4B5D-B468-824071E8C953}.Debug|Any CPU.Build.0 = Debug|Any CPU
		{20F865A8-451F-4B5D-B468-824071E8C953}.Debug|x64.ActiveCfg = Debug|Any CPU
		{20F865A8-451F-4B5D-B468-824071E8C953}.Debug|x64.Build.0 = Debug|Any CPU
		{20F865A8-451F-4B5D-B468-824071E8C953}.Debug|x86.ActiveCfg = Debug|Any CPU
		{20F865A8-451F-4B5D-B468-824071E8C953}.Debug|x86.Build.0 = Debug|Any CPU
		{20F865A8-451F-4B5D-B468-824071E8C953}.Release|Any CPU.ActiveCfg = Release|Any CPU
		{20F865A8-451F-4B5D-B468-824071E8C953}.Release|Any CPU.Build.0 = Release|Any CPU
		{20F865A8-451F-4B5D-B468-824071E8C953}.Release|x64.ActiveCfg = Release|Any CPU
		{20F865A8-451F-4B5D-B468-824071E8C953}.Release|x64.Build.0 = Release|Any CPU
		{20F865A8-451F-4B5D-B468-824071E8C953}.Release|x86.ActiveCfg = Release|Any CPU
		{20F865A8-451F-4B5D-B468-824071E8C953}.Release|x86.Build.0 = Release|Any CPU
		{212872B9-8387-4B4D-B6F7-4E61D769EFFA}.Debug|Any CPU.ActiveCfg = Debug|Any CPU
		{212872B9-8387-4B4D-B6F7-4E61D769EFFA}.Debug|Any CPU.Build.0 = Debug|Any CPU
		{212872B9-8387-4B4D-B6F7-4E61D769EFFA}.Debug|x64.ActiveCfg = Debug|Any CPU
		{212872B9-8387-4B4D-B6F7-4E61D769EFFA}.Debug|x64.Build.0 = Debug|Any CPU
		{212872B9-8387-4B4D-B6F7-4E61D769EFFA}.Debug|x86.ActiveCfg = Debug|Any CPU
		{212872B9-8387-4B4D-B6F7-4E61D769EFFA}.Debug|x86.Build.0 = Debug|Any CPU
		{212872B9-8387-4B4D-B6F7-4E61D769EFFA}.Release|Any CPU.ActiveCfg = Release|Any CPU
		{212872B9-8387-4B4D-B6F7-4E61D769EFFA}.Release|Any CPU.Build.0 = Release|Any CPU
		{212872B9-8387-4B4D-B6F7-4E61D769EFFA}.Release|x64.ActiveCfg = Release|Any CPU
		{212872B9-8387-4B4D-B6F7-4E61D769EFFA}.Release|x64.Build.0 = Release|Any CPU
		{212872B9-8387-4B4D-B6F7-4E61D769EFFA}.Release|x86.ActiveCfg = Release|Any CPU
		{212872B9-8387-4B4D-B6F7-4E61D769EFFA}.Release|x86.Build.0 = Release|Any CPU
	EndGlobalSection
	GlobalSection(NestedProjects) = preSolution
		{097BB04F-DB84-43C3-9259-6362EAE2C9EF} = {B4A27E8F-E23F-4711-9273-65B3AAB11A0D}
		{E02BCFB3-01F5-4E99-A81A-7447B5DA223A} = {B4A27E8F-E23F-4711-9273-65B3AAB11A0D}
		{B5E05714-D427-4DB2-BE6D-84F0C11D9EBB} = {B4A27E8F-E23F-4711-9273-65B3AAB11A0D}
		{B4CD7095-3922-49EB-88BE-F2D932EB979B} = {B4A27E8F-E23F-4711-9273-65B3AAB11A0D}
		{C57A4346-A7E0-4B25-88EB-686F24B27671} = {B4A27E8F-E23F-4711-9273-65B3AAB11A0D}
		{FECC36F2-6823-4846-BB43-B0F3B624DD0F} = {B4A27E8F-E23F-4711-9273-65B3AAB11A0D}
		{20F865A8-451F-4B5D-B468-824071E8C953} = {B4A27E8F-E23F-4711-9273-65B3AAB11A0D}
		{212872B9-8387-4B4D-B6F7-4E61D769EFFA} = {B4A27E8F-E23F-4711-9273-65B3AAB11A0D}
	EndGlobalSection
EndGlobal
